
Microsoft Visual Studio Solution File, Format Version 12.00
# Visual Studio Version 17
VisualStudioVersion = 17.3.32819.101
MinimumVisualStudioVersion = 10.0.40219.1
Project("{FAE04EC0-301F-11D3-BF4B-00C04F79EFBC}") = "uppgift 3.16", "uppgift 3.16\uppgift 3.16.csproj", "{BC1840BD-1B12-4510-9C08-4D57AAAB4749}"
EndProject
Global
	GlobalSection(SolutionConfigurationPlatforms) = preSolution
		Debug|Any CPU = Debug|Any CPU
		Release|Any CPU = Release|Any CPU
	EndGlobalSection
	GlobalSection(ProjectConfigurationPlatforms) = postSolution
		{BC1840BD-1B12-4510-9C08-4D57AAAB4749}.Debug|Any CPU.ActiveCfg = Debug|Any CPU
		{BC1840BD-1B12-4510-9C08-4D57AAAB4749}.Debug|Any CPU.Build.0 = Debug|Any CPU
		{BC1840BD-1B12-4510-9C08-4D57AAAB4749}.Release|Any CPU.ActiveCfg = Release|Any CPU
		{BC1840BD-1B12-4510-9C08-4D57AAAB4749}.Release|Any CPU.Build.0 = Release|Any CPU
	EndGlobalSection
	GlobalSection(SolutionProperties) = preSolution
		HideSolutionNode = FALSE
	EndGlobalSection
	GlobalSection(ExtensibilityGlobals) = postSolution
		SolutionGuid = {5591366A-6F9F-47D7-B9AD-DA9B98A2DEB8}
	EndGlobalSection
EndGlobal
